
Microsoft Visual Studio Solution File, Format Version 12.00
# Visual Studio 2013
VisualStudioVersion = 12.0.40629.0
MinimumVisualStudioVersion = 10.0.40219.1
Project("{FAE04EC0-301F-11D3-BF4B-00C04F79EFBC}") = "WebhookTest", "WebhookTest\WebhookTest.csproj", "{A80540D9-7D92-4F32-BB2C-3ADEEC8CFEE3}"
EndProject
Project("{2150E333-8FDC-42A3-9474-1A3956D46DE8}") = "Solution Items", "Solution Items", "{1A0FEB22-C692-4688-971D-2362737C5CC6}"
	ProjectSection(SolutionItems) = preProject
		project details.docx = project details.docx
	EndProjectSection
EndProject
Project("{FAE04EC0-301F-11D3-BF4B-00C04F79EFBC}") = "EventLogs", "EventLogs\EventLogs.csproj", "{CD29789B-3704-46AE-8AAB-BC2F1E48B837}"
EndProject
Global
	GlobalSection(SolutionConfigurationPlatforms) = preSolution
		Debug|Any CPU = Debug|Any CPU
		Release|Any CPU = Release|Any CPU
	EndGlobalSection
	GlobalSection(ProjectConfigurationPlatforms) = postSolution
		{A80540D9-7D92-4F32-BB2C-3ADEEC8CFEE3}.Debug|Any CPU.ActiveCfg = Debug|Any CPU
		{A80540D9-7D92-4F32-BB2C-3ADEEC8CFEE3}.Debug|Any CPU.Build.0 = Debug|Any CPU
		{A80540D9-7D92-4F32-BB2C-3ADEEC8CFEE3}.Release|Any CPU.ActiveCfg = Release|Any CPU
		{A80540D9-7D92-4F32-BB2C-3ADEEC8CFEE3}.Release|Any CPU.Build.0 = Release|Any CPU
		{CD29789B-3704-46AE-8AAB-BC2F1E48B837}.Debug|Any CPU.ActiveCfg = Debug|Any CPU
		{CD29789B-3704-46AE-8AAB-BC2F1E48B837}.Debug|Any CPU.Build.0 = Debug|Any CPU
		{CD29789B-3704-46AE-8AAB-BC2F1E48B837}.Release|Any CPU.ActiveCfg = Release|Any CPU
		{CD29789B-3704-46AE-8AAB-BC2F1E48B837}.Release|Any CPU.Build.0 = Release|Any CPU
	EndGlobalSection
	GlobalSection(SolutionProperties) = preSolution
		HideSolutionNode = FALSE
	EndGlobalSection
EndGlobal
